{
  "name": "assets",
  "lockfileVersion": 3,
  "requires": true,
  "packages": {
    "": {
      "dependencies": {
        "@github/combobox-nav": "^3.0.1",
        "autocomplete-input": "file:../../simple-autocomplete",
        "debounce": "^2.1.0",
        "lit": "^3.1.4",
        "phoenix-custom-event-hook": "^0.0.6"
      }
    },
    "../../simple-autocomplete": {
      "name": "@launchscout/autocomplete-input",
      "version": "0.0.1",
      "license": "ISC",
      "dependencies": {
        "@github/combobox-nav": "^3.0.1",
        "lit": "^3.1.4"
      },
      "devDependencies": {
        "@esm-bundle/chai": "^4.3.4-fix.0",
        "@open-wc/testing": "^4.0.0",
        "@web/test-runner": "^0.18.2",
        "chai-dom": "^1.12.0"
      }
    },
    "node_modules/@github/combobox-nav": {
      "version": "3.0.1",
      "resolved": "https://registry.npmjs.org/@github/combobox-nav/-/combobox-nav-3.0.1.tgz",
      "integrity": "sha512-JEAm5qU+u/dU8H+NsPisJ5c/P+lfqIk4x0h+BvqBIjP7oVZq1ChPVRYG5uPmHu5Mq7HGD8IsASbpUhX5UIfRxQ=="
    },
    "node_modules/@lit-labs/ssr-dom-shim": {
      "version": "1.2.0",
      "resolved": "https://registry.npmjs.org/@lit-labs/ssr-dom-shim/-/ssr-dom-shim-1.2.0.tgz",
      "integrity": "sha512-yWJKmpGE6lUURKAaIltoPIE/wrbY3TEkqQt+X0m+7fQNnAv0keydnYvbiJFP1PnMhizmIWRWOG5KLhYyc/xl+g=="
    },
    "node_modules/@lit/reactive-element": {
      "version": "2.0.4",
      "resolved": "https://registry.npmjs.org/@lit/reactive-element/-/reactive-element-2.0.4.tgz",
      "integrity": "sha512-GFn91inaUa2oHLak8awSIigYz0cU0Payr1rcFsrkf5OJ5eSPxElyZfKh0f2p9FsTiZWXQdWGJeXZICEfXXYSXQ==",
      "dependencies": {
        "@lit-labs/ssr-dom-shim": "^1.2.0"
      }
    },
    "node_modules/@types/trusted-types": {
      "version": "2.0.7",
      "resolved": "https://registry.npmjs.org/@types/trusted-types/-/trusted-types-2.0.7.tgz",
      "integrity": "sha512-ScaPdn1dQczgbl0QFTeTOmVHFULt394XJgOQNoyVhZ6r2vLnMLJfBPd53SB52T/3G36VI1/g2MZaX0cwDuXsfw=="
    },
    "node_modules/autocomplete-input": {
      "resolved": "../../simple-autocomplete",
      "link": true
    },
    "node_modules/debounce": {
      "version": "2.1.0",
      "resolved": "https://registry.npmjs.org/debounce/-/debounce-2.1.0.tgz",
      "integrity": "sha512-OkL3+0pPWCqoBc/nhO9u6TIQNTK44fnBnzuVtJAbp13Naxw9R6u21x+8tVTka87AhDZ3htqZ2pSSsZl9fqL2Wg==",
      "engines": {
        "node": ">=18"
      },
      "funding": {
        "url": "https://github.com/sponsors/sindresorhus"
      }
    },
    "node_modules/lit": {
      "version": "3.1.4",
      "resolved": "https://registry.npmjs.org/lit/-/lit-3.1.4.tgz",
      "integrity": "sha512-q6qKnKXHy2g1kjBaNfcoLlgbI3+aSOZ9Q4tiGa9bGYXq5RBXxkVTqTIVmP2VWMp29L4GyvCFm8ZQ2o56eUAMyA==",
      "dependencies": {
        "@lit/reactive-element": "^2.0.4",
        "lit-element": "^4.0.4",
        "lit-html": "^3.1.2"
      }
    },
    "node_modules/lit-element": {
      "version": "4.0.6",
      "resolved": "https://registry.npmjs.org/lit-element/-/lit-element-4.0.6.tgz",
      "integrity": "sha512-U4sdJ3CSQip7sLGZ/uJskO5hGiqtlpxndsLr6mt3IQIjheg93UKYeGQjWMRql1s/cXNOaRrCzC2FQwjIwSUqkg==",
      "dependencies": {
        "@lit-labs/ssr-dom-shim": "^1.2.0",
        "@lit/reactive-element": "^2.0.4",
        "lit-html": "^3.1.2"
      }
    },
    "node_modules/lit-html": {
      "version": "3.1.4",
      "resolved": "https://registry.npmjs.org/lit-html/-/lit-html-3.1.4.tgz",
      "integrity": "sha512-yKKO2uVv7zYFHlWMfZmqc+4hkmSbFp8jgjdZY9vvR9jr4J8fH6FUMXhr+ljfELgmjpvlF7Z1SJ5n5/Jeqtc9YA==",
      "dependencies": {
        "@types/trusted-types": "^2.0.2"
      }
    },
    "node_modules/ms": {
      "version": "2.1.3",
      "resolved": "https://registry.npmjs.org/ms/-/ms-2.1.3.tgz",
      "integrity": "sha512-6FlzubTLZG3J2a/NVCAleEhjzq5oxgHyaCU9yYXvcLsvoVaHJq/s5xXI6/XXP6tz7R9xAOtHnSO/tXtF3WRTlA=="
    },
    "node_modules/phoenix-custom-event-hook": {
      "version": "0.0.6",
      "resolved": "https://registry.npmjs.org/phoenix-custom-event-hook/-/phoenix-custom-event-hook-0.0.6.tgz",
      "integrity": "sha512-6rPab4rL3UwhV1En4ACvwbyG7Y3o0/I2yJDpI6BgHdt8ie/LaMG+OL3MjYt67kGybWYGC/EhyXdUsZGng3dqtA==",
      "dependencies": {
        "ms": "^2.0.0"
      }
    }
  }
}
